
Microsoft Visual Studio Solution File, Format Version 12.00
# Visual Studio 15
Project("{FAE04EC0-301F-11D3-BF4B-00C04F79EFBC}") = "AccessibleMessaging", "AccessibleMessaging\AccessibleMessaging.csproj", "{47E5CC1A-2799-4D96-88F8-BB09CEAEA0E2}"
EndProject
Global
	GlobalSection(SolutionConfigurationPlatforms) = preSolution
		Debug|iPhoneSimulator = Debug|iPhoneSimulator
		Release|iPhoneSimulator = Release|iPhoneSimulator
		Debug|iPhone = Debug|iPhone
		Release|iPhone = Release|iPhone
	EndGlobalSection
	GlobalSection(ProjectConfigurationPlatforms) = postSolution
		{47E5CC1A-2799-4D96-88F8-BB09CEAEA0E2}.Debug|iPhoneSimulator.ActiveCfg = Debug|iPhoneSimulator
		{47E5CC1A-2799-4D96-88F8-BB09CEAEA0E2}.Debug|iPhoneSimulator.Build.0 = Debug|iPhoneSimulator
		{47E5CC1A-2799-4D96-88F8-BB09CEAEA0E2}.Release|iPhoneSimulator.ActiveCfg = Release|iPhoneSimulator
		{47E5CC1A-2799-4D96-88F8-BB09CEAEA0E2}.Release|iPhoneSimulator.Build.0 = Release|iPhoneSimulator
		{47E5CC1A-2799-4D96-88F8-BB09CEAEA0E2}.Debug|iPhone.ActiveCfg = Debug|iPhone
		{47E5CC1A-2799-4D96-88F8-BB09CEAEA0E2}.Debug|iPhone.Build.0 = Debug|iPhone
		{47E5CC1A-2799-4D96-88F8-BB09CEAEA0E2}.Release|iPhone.ActiveCfg = Release|iPhone
		{47E5CC1A-2799-4D96-88F8-BB09CEAEA0E2}.Release|iPhone.Build.0 = Release|iPhone
	EndGlobalSection
EndGlobal
